// !$*UTF8*$!
{
	archiveVersion = 1;
	classes = {
	};
	objectVersion = 55;
	objects = {

/* Begin PBXBuildFile section */
		3714DA3C2820537800170AE9 /* AppDelegate.swift in Sources */ = {isa = PBXBuildFile; fileRef = 3714DA3B2820537800170AE9 /* AppDelegate.swift */; };
		3714DA3E2820537800170AE9 /* SceneDelegate.swift in Sources */ = {isa = PBXBuildFile; fileRef = 3714DA3D2820537800170AE9 /* SceneDelegate.swift */; };
		3714DA452820537900170AE9 /* Assets.xcassets in Resources */ = {isa = PBXBuildFile; fileRef = 3714DA442820537900170AE9 /* Assets.xcassets */; };
		3714DA482820537900170AE9 /* LaunchScreen.storyboard in Resources */ = {isa = PBXBuildFile; fileRef = 3714DA462820537900170AE9 /* LaunchScreen.storyboard */; };
		3714DA502820546A00170AE9 /* MainTabBarController.swift in Sources */ = {isa = PBXBuildFile; fileRef = 3714DA4F2820546A00170AE9 /* MainTabBarController.swift */; };
		3714DA542820549800170AE9 /* CowListTableViewController.swift in Sources */ = {isa = PBXBuildFile; fileRef = 3714DA532820549800170AE9 /* CowListTableViewController.swift */; };
		3714DA562820551700170AE9 /* MapViewController.swift in Sources */ = {isa = PBXBuildFile; fileRef = 3714DA552820551700170AE9 /* MapViewController.swift */; };
		3714DA592820553000170AE9 /* LocatioResponse.swift in Sources */ = {isa = PBXBuildFile; fileRef = 3714DA582820553000170AE9 /* LocatioResponse.swift */; };
		37C4FB0B28205CE3006ABEA4 /* Cow.swift in Sources */ = {isa = PBXBuildFile; fileRef = 37C4FB0A28205CE3006ABEA4 /* Cow.swift */; };
/* End PBXBuildFile section */

/* Begin PBXFileReference section */
		3714DA382820537800170AE9 /* AnimalTracker.app */ = {isa = PBXFileReference; explicitFileType = wrapper.application; includeInIndex = 0; path = AnimalTracker.app; sourceTree = BUILT_PRODUCTS_DIR; };
		3714DA3B2820537800170AE9 /* AppDelegate.swift */ = {isa = PBXFileReference; lastKnownFileType = sourcecode.swift; path = AppDelegate.swift; sourceTree = "<group>"; };
		3714DA3D2820537800170AE9 /* SceneDelegate.swift */ = {isa = PBXFileReference; lastKnownFileType = sourcecode.swift; path = SceneDelegate.swift; sourceTree = "<group>"; };
		3714DA442820537900170AE9 /* Assets.xcassets */ = {isa = PBXFileReference; lastKnownFileType = folder.assetcatalog; path = Assets.xcassets; sourceTree = "<group>"; };
		3714DA472820537900170AE9 /* Base */ = {isa = PBXFileReference; lastKnownFileType = file.storyboard; name = Base; path = Base.lproj/LaunchScreen.storyboard; sourceTree = "<group>"; };
		3714DA492820537900170AE9 /* Info.plist */ = {isa = PBXFileReference; lastKnownFileType = text.plist.xml; path = Info.plist; sourceTree = "<group>"; };
		3714DA4F2820546A00170AE9 /* MainTabBarController.swift */ = {isa = PBXFileReference; lastKnownFileType = sourcecode.swift; path = MainTabBarController.swift; sourceTree = "<group>"; };
		3714DA532820549800170AE9 /* CowListTableViewController.swift */ = {isa = PBXFileReference; lastKnownFileType = sourcecode.swift; path = CowListTableViewController.swift; sourceTree = "<group>"; };
		3714DA552820551700170AE9 /* MapViewController.swift */ = {isa = PBXFileReference; lastKnownFileType = sourcecode.swift; path = MapViewController.swift; sourceTree = "<group>"; };
		3714DA582820553000170AE9 /* LocatioResponse.swift */ = {isa = PBXFileReference; lastKnownFileType = sourcecode.swift; path = LocatioResponse.swift; sourceTree = "<group>"; };
		37C4FB0A28205CE3006ABEA4 /* Cow.swift */ = {isa = PBXFileReference; lastKnownFileType = sourcecode.swift; path = Cow.swift; sourceTree = "<group>"; };
		393FEC1662E21DA2331C99AE /* Pods-AnimalTracker.debug.xcconfig */ = {isa = PBXFileReference; includeInIndex = 1; lastKnownFileType = text.xcconfig; name = "Pods-AnimalTracker.debug.xcconfig"; path = "Target Support Files/Pods-AnimalTracker/Pods-AnimalTracker.debug.xcconfig"; sourceTree = "<group>"; };
		4B4D8C181903906890A6064D /* Pods-AnimalTracker.release.xcconfig */ = {isa = PBXFileReference; includeInIndex = 1; lastKnownFileType = text.xcconfig; name = "Pods-AnimalTracker.release.xcconfig"; path = "Target Support Files/Pods-AnimalTracker/Pods-AnimalTracker.release.xcconfig"; sourceTree = "<group>"; };
/* End PBXFileReference section */

/* Begin PBXFrameworksBuildPhase section */
		3714DA352820537800170AE9 /* Frameworks */ = {
			isa = PBXFrameworksBuildPhase;
			buildActionMask = 2147483647;
			files = (
			);
			runOnlyForDeploymentPostprocessing = 0;
		};
/* End PBXFrameworksBuildPhase section */

/* Begin PBXGroup section */
		3714DA2F2820537800170AE9 = {
			isa = PBXGroup;
			children = (
				3714DA3A2820537800170AE9 /* AnimalTracker */,
				3714DA392820537800170AE9 /* Products */,
				640612946640F2D9CAD2FB6A /* Pods */,
				80870163BF58DC7661EAD3BA /* Frameworks */,
			);
			sourceTree = "<group>";
		};
		3714DA392820537800170AE9 /* Products */ = {
			isa = PBXGroup;
			children = (
				3714DA382820537800170AE9 /* AnimalTracker.app */,
			);
			name = Products;
			sourceTree = "<group>";
		};
		3714DA3A2820537800170AE9 /* AnimalTracker */ = {
			isa = PBXGroup;
			children = (
				3714DA572820551E00170AE9 /* Models */,
				3714DA512820547C00170AE9 /* Controllers */,
				3714DA3B2820537800170AE9 /* AppDelegate.swift */,
				3714DA3D2820537800170AE9 /* SceneDelegate.swift */,
				3714DA442820537900170AE9 /* Assets.xcassets */,
				3714DA462820537900170AE9 /* LaunchScreen.storyboard */,
				3714DA492820537900170AE9 /* Info.plist */,
				3714DA4F2820546A00170AE9 /* MainTabBarController.swift */,
			);
			path = AnimalTracker;
			sourceTree = "<group>";
		};
		3714DA512820547C00170AE9 /* Controllers */ = {
			isa = PBXGroup;
			children = (
				3714DA532820549800170AE9 /* CowListTableViewController.swift */,
				3714DA552820551700170AE9 /* MapViewController.swift */,
			);
			path = Controllers;
			sourceTree = "<group>";
		};
		3714DA572820551E00170AE9 /* Models */ = {
			isa = PBXGroup;
			children = (
				3714DA582820553000170AE9 /* LocatioResponse.swift */,
				37C4FB0A28205CE3006ABEA4 /* Cow.swift */,
			);
			path = Models;
			sourceTree = "<group>";
		};
		640612946640F2D9CAD2FB6A /* Pods */ = {
			isa = PBXGroup;
			children = (
				393FEC1662E21DA2331C99AE /* Pods-AnimalTracker.debug.xcconfig */,
				4B4D8C181903906890A6064D /* Pods-AnimalTracker.release.xcconfig */,
			);
			path = Pods;
			sourceTree = "<group>";
		};
		80870163BF58DC7661EAD3BA /* Frameworks */ = {
			isa = PBXGroup;
			children = (
			);
			name = Frameworks;
			sourceTree = "<group>";
		};
/* End PBXGroup section */

/* Begin PBXNativeTarget section */
		3714DA372820537800170AE9 /* AnimalTracker */ = {
			isa = PBXNativeTarget;
			buildConfigurationList = 3714DA4C2820537900170AE9 /* Build configuration list for PBXNativeTarget "AnimalTracker" */;
			buildPhases = (
				FA2D9F7999BF8F9B28EF74EB /* [CP] Check Pods Manifest.lock */,
				3714DA342820537800170AE9 /* Sources */,
				3714DA352820537800170AE9 /* Frameworks */,
				3714DA362820537800170AE9 /* Resources */,
				8F12D45C03071288DD1E162D /* [CP] Copy Pods Resources */,
			);
			buildRules = (
			);
			dependencies = (
			);
			name = AnimalTracker;
			productName = AnimalTracker;
			productReference = 3714DA382820537800170AE9 /* AnimalTracker.app */;
			productType = "com.apple.product-type.application";
		};
/* End PBXNativeTarget section */

/* Begin PBXProject section */
		3714DA302820537800170AE9 /* Project object */ = {
			isa = PBXProject;
			attributes = {
				BuildIndependentTargetsInParallel = 1;
				LastSwiftUpdateCheck = 1330;
				LastUpgradeCheck = 1330;
				TargetAttributes = {
					3714DA372820537800170AE9 = {
						CreatedOnToolsVersion = 13.3.1;
					};
				};
			};
			buildConfigurationList = 3714DA332820537800170AE9 /* Build configuration list for PBXProject "AnimalTracker" */;
			compatibilityVersion = "Xcode 13.0";
			developmentRegion = en;
			hasScannedForEncodings = 0;
			knownRegions = (
				en,
				Base,
			);
			mainGroup = 3714DA2F2820537800170AE9;
			productRefGroup = 3714DA392820537800170AE9 /* Products */;
			projectDirPath = "";
			projectRoot = "";
			targets = (
				3714DA372820537800170AE9 /* AnimalTracker */,
			);
		};
/* End PBXProject section */

/* Begin PBXResourcesBuildPhase section */
		3714DA362820537800170AE9 /* Resources */ = {
			isa = PBXResourcesBuildPhase;
			buildActionMask = 2147483647;
			files = (
				3714DA482820537900170AE9 /* LaunchScreen.storyboard in Resources */,
				3714DA452820537900170AE9 /* Assets.xcassets in Resources */,
			);
			runOnlyForDeploymentPostprocessing = 0;
		};
/* End PBXResourcesBuildPhase section */

/* Begin PBXShellScriptBuildPhase section */
		8F12D45C03071288DD1E162D /* [CP] Copy Pods Resources */ = {
			isa = PBXShellScriptBuildPhase;
			buildActionMask = 2147483647;
			files = (
			);
			inputFileListPaths = (
				"${PODS_ROOT}/Target Support Files/Pods-AnimalTracker/Pods-AnimalTracker-resources-${CONFIGURATION}-input-files.xcfilelist",
			);
			name = "[CP] Copy Pods Resources";
			outputFileListPaths = (
				"${PODS_ROOT}/Target Support Files/Pods-AnimalTracker/Pods-AnimalTracker-resources-${CONFIGURATION}-output-files.xcfilelist",
			);
			runOnlyForDeploymentPostprocessing = 0;
			shellPath = /bin/sh;
			shellScript = "\"${PODS_ROOT}/Target Support Files/Pods-AnimalTracker/Pods-AnimalTracker-resources.sh\"\n";
			showEnvVarsInLog = 0;
		};
		FA2D9F7999BF8F9B28EF74EB /* [CP] Check Pods Manifest.lock */ = {
			isa = PBXShellScriptBuildPhase;
			buildActionMask = 2147483647;
			files = (
			);
			inputFileListPaths = (
			);
			inputPaths = (
				"${PODS_PODFILE_DIR_PATH}/Podfile.lock",
				"${PODS_ROOT}/Manifest.lock",
			);
			name = "[CP] Check Pods Manifest.lock";
			outputFileListPaths = (
			);
			outputPaths = (
				"$(DERIVED_FILE_DIR)/Pods-AnimalTracker-checkManifestLockResult.txt",
			);
			runOnlyForDeploymentPostprocessing = 0;
			shellPath = /bin/sh;
			shellScript = "diff \"${PODS_PODFILE_DIR_PATH}/Podfile.lock\" \"${PODS_ROOT}/Manifest.lock\" > /dev/null\nif [ $? != 0 ] ; then\n    # print error to STDERR\n    echo \"error: The sandbox is not in sync with the Podfile.lock. Run 'pod install' or update your CocoaPods installation.\" >&2\n    exit 1\nfi\n# This output is used by Xcode 'outputs' to avoid re-running this script phase.\necho \"SUCCESS\" > \"${SCRIPT_OUTPUT_FILE_0}\"\n";
			showEnvVarsInLog = 0;
		};
/* End PBXShellScriptBuildPhase section */

/* Begin PBXSourcesBuildPhase section */
		3714DA342820537800170AE9 /* Sources */ = {
			isa = PBXSourcesBuildPhase;
			buildActionMask = 2147483647;
			files = (
				37C4FB0B28205CE3006ABEA4 /* Cow.swift in Sources */,
				3714DA592820553000170AE9 /* LocatioResponse.swift in Sources */,
				3714DA562820551700170AE9 /* MapViewController.swift in Sources */,
				3714DA3C2820537800170AE9 /* AppDelegate.swift in Sources */,
				3714DA542820549800170AE9 /* CowListTableViewController.swift in Sources */,
				3714DA502820546A00170AE9 /* MainTabBarController.swift in Sources */,
				3714DA3E2820537800170AE9 /* SceneDelegate.swift in Sources */,
			);
			runOnlyForDeploymentPostprocessing = 0;
		};
/* End PBXSourcesBuildPhase section */

/* Begin PBXVariantGroup section */
		3714DA462820537900170AE9 /* LaunchScreen.storyboard */ = {
			isa = PBXVariantGroup;
			children = (
				3714DA472820537900170AE9 /* Base */,
			);
			name = LaunchScreen.storyboard;
			sourceTree = "<group>";
		};
/* End PBXVariantGroup section */

/* Begin XCBuildConfiguration section */
		3714DA4A2820537900170AE9 /* Debug */ = {
			isa = XCBuildConfiguration;
			buildSettings = {
				ALWAYS_SEARCH_USER_PATHS = NO;
				CLANG_ANALYZER_NONNULL = YES;
				CLANG_ANALYZER_NUMBER_OBJECT_CONVERSION = YES_AGGRESSIVE;
				CLANG_CXX_LANGUAGE_STANDARD = "gnu++17";
				CLANG_ENABLE_MODULES = YES;
				CLANG_ENABLE_OBJC_ARC = YES;
				CLANG_ENABLE_OBJC_WEAK = YES;
				CLANG_WARN_BLOCK_CAPTURE_AUTORELEASING = YES;
				CLANG_WARN_BOOL_CONVERSION = YES;
				CLANG_WARN_COMMA = YES;
				CLANG_WARN_CONSTANT_CONVERSION = YES;
				CLANG_WARN_DEPRECATED_OBJC_IMPLEMENTATIONS = YES;
				CLANG_WARN_DIRECT_OBJC_ISA_USAGE = YES_ERROR;
				CLANG_WARN_DOCUMENTATION_COMMENTS = YES;
				CLANG_WARN_EMPTY_BODY = YES;
				CLANG_WARN_ENUM_CONVERSION = YES;
				CLANG_WARN_INFINITE_RECURSION = YES;
				CLANG_WARN_INT_CONVERSION = YES;
				CLANG_WARN_NON_LITERAL_NULL_CONVERSION = YES;
				CLANG_WARN_OBJC_IMPLICIT_RETAIN_SELF = YES;
				CLANG_WARN_OBJC_LITERAL_CONVERSION = YES;
				CLANG_WARN_OBJC_ROOT_CLASS = YES_ERROR;
				CLANG_WARN_QUOTED_INCLUDE_IN_FRAMEWORK_HEADER = YES;
				CLANG_WARN_RANGE_LOOP_ANALYSIS = YES;
				CLANG_WARN_STRICT_PROTOTYPES = YES;
				CLANG_WARN_SUSPICIOUS_MOVE = YES;
				CLANG_WARN_UNGUARDED_AVAILABILITY = YES_AGGRESSIVE;
				CLANG_WARN_UNREACHABLE_CODE = YES;
				CLANG_WARN__DUPLICATE_METHOD_MATCH = YES;
				COPY_PHASE_STRIP = NO;
				DEBUG_INFORMATION_FORMAT = dwarf;
				ENABLE_STRICT_OBJC_MSGSEND = YES;
				ENABLE_TESTABILITY = YES;
				GCC_C_LANGUAGE_STANDARD = gnu11;
				GCC_DYNAMIC_NO_PIC = NO;
				GCC_NO_COMMON_BLOCKS = YES;
				GCC_OPTIMIZATION_LEVEL = 0;
				GCC_PREPROCESSOR_DEFINITIONS = (
					"DEBUG=1",
					"$(inherited)",
				);
				GCC_WARN_64_TO_32_BIT_CONVERSION = YES;
				GCC_WARN_ABOUT_RETURN_TYPE = YES_ERROR;
				GCC_WARN_UNDECLARED_SELECTOR = YES;
				GCC_WARN_UNINITIALIZED_AUTOS = YES_AGGRESSIVE;
				GCC_WARN_UNUSED_FUNCTION = YES;
				GCC_WARN_UNUSED_VARIABLE = YES;
				IPHONEOS_DEPLOYMENT_TARGET = 15.4;
				MTL_ENABLE_DEBUG_INFO = INCLUDE_SOURCE;
				MTL_FAST_MATH = YES;
				ONLY_ACTIVE_ARCH = YES;
				SDKROOT = iphoneos;
				SWIFT_ACTIVE_COMPILATION_CONDITIONS = DEBUG;
				SWIFT_OPTIMIZATION_LEVEL = "-Onone";
			};
			name = Debug;
		};
		3714DA4B2820537900170AE9 /* Release */ = {
			isa = XCBuildConfiguration;
			buildSettings = {
				ALWAYS_SEARCH_USER_PATHS = NO;
				CLANG_ANALYZER_NONNULL = YES;
				CLANG_ANALYZER_NUMBER_OBJECT_CONVERSION = YES_AGGRESSIVE;
				CLANG_CXX_LANGUAGE_STANDARD = "gnu++17";
				CLANG_ENABLE_MODULES = YES;
				CLANG_ENABLE_OBJC_ARC = YES;
				CLANG_ENABLE_OBJC_WEAK = YES;
				CLANG_WARN_BLOCK_CAPTURE_AUTORELEASING = YES;
				CLANG_WARN_BOOL_CONVERSION = YES;
				CLANG_WARN_COMMA = YES;
				CLANG_WARN_CONSTANT_CONVERSION = YES;
				CLANG_WARN_DEPRECATED_OBJC_IMPLEMENTATIONS = YES;
				CLANG_WARN_DIRECT_OBJC_ISA_USAGE = YES_ERROR;
				CLANG_WARN_DOCUMENTATION_COMMENTS = YES;
				CLANG_WARN_EMPTY_BODY = YES;
				CLANG_WARN_ENUM_CONVERSION = YES;
				CLANG_WARN_INFINITE_RECURSION = YES;
				CLANG_WARN_INT_CONVERSION = YES;
				CLANG_WARN_NON_LITERAL_NULL_CONVERSION = YES;
				CLANG_WARN_OBJC_IMPLICIT_RETAIN_SELF = YES;
				CLANG_WARN_OBJC_LITERAL_CONVERSION = YES;
				CLANG_WARN_OBJC_ROOT_CLASS = YES_ERROR;
				CLANG_WARN_QUOTED_INCLUDE_IN_FRAMEWORK_HEADER = YES;
				CLANG_WARN_RANGE_LOOP_ANALYSIS = YES;
				CLANG_WARN_STRICT_PROTOTYPES = YES;
				CLANG_WARN_SUSPICIOUS_MOVE = YES;
				CLANG_WARN_UNGUARDED_AVAILABILITY = YES_AGGRESSIVE;
				CLANG_WARN_UNREACHABLE_CODE = YES;
				CLANG_WARN__DUPLICATE_METHOD_MATCH = YES;
				COPY_PHASE_STRIP = NO;
				DEBUG_INFORMATION_FORMAT = "dwarf-with-dsym";
				ENABLE_NS_ASSERTIONS = NO;
				ENABLE_STRICT_OBJC_MSGSEND = YES;
				GCC_C_LANGUAGE_STANDARD = gnu11;
				GCC_NO_COMMON_BLOCKS = YES;
				GCC_WARN_64_TO_32_BIT_CONVERSION = YES;
				GCC_WARN_ABOUT_RETURN_TYPE = YES_ERROR;
				GCC_WARN_UNDECLARED_SELECTOR = YES;
				GCC_WARN_UNINITIALIZED_AUTOS = YES_AGGRESSIVE;
				GCC_WARN_UNUSED_FUNCTION = YES;
				GCC_WARN_UNUSED_VARIABLE = YES;
				IPHONEOS_DEPLOYMENT_TARGET = 15.4;
				MTL_ENABLE_DEBUG_INFO = NO;
				MTL_FAST_MATH = YES;
				SDKROOT = iphoneos;
				SWIFT_COMPILATION_MODE = wholemodule;
				SWIFT_OPTIMIZATION_LEVEL = "-O";
				VALIDATE_PRODUCT = YES;
			};
			name = Release;
		};
		3714DA4D2820537900170AE9 /* Debug */ = {
			isa = XCBuildConfiguration;
			baseConfigurationReference = 393FEC1662E21DA2331C99AE /* Pods-AnimalTracker.debug.xcconfig */;
			buildSettings = {
				ASSETCATALOG_COMPILER_APPICON_NAME = AppIcon;
				ASSETCATALOG_COMPILER_GLOBAL_ACCENT_COLOR_NAME = AccentColor;
				CODE_SIGN_STYLE = Automatic;
				CURRENT_PROJECT_VERSION = 1;
				DEVELOPMENT_TEAM = 8HA6256KD2;
				"EXCLUDED_ARCHS[sdk=*]" = arm64;
				GENERATE_INFOPLIST_FILE = YES;
				INFOPLIST_FILE = AnimalTracker/Info.plist;
				INFOPLIST_KEY_UIApplicationSupportsIndirectInputEvents = YES;
				INFOPLIST_KEY_UILaunchStoryboardName = LaunchScreen;
				INFOPLIST_KEY_UISupportedInterfaceOrientations_iPad = "UIInterfaceOrientationPortrait UIInterfaceOrientationPortraitUpsideDown UIInterfaceOrientationLandscapeLeft UIInterfaceOrientationLandscapeRight";
				INFOPLIST_KEY_UISupportedInterfaceOrientations_iPhone = "UIInterfaceOrientationPortrait UIInterfaceOrientationLandscapeLeft UIInterfaceOrientationLandscapeRight";
				IPHONEOS_DEPLOYMENT_TARGET = 15.4;
				LD_RUNPATH_SEARCH_PATHS = (
					"$(inherited)",
					"@executable_path/Frameworks",
				);
				MARKETING_VERSION = 1.0;
				ONLY_ACTIVE_ARCH = YES;
				PRODUCT_BUNDLE_IDENTIFIER = com.assquire.AnimalTracker;
				PRODUCT_NAME = "$(TARGET_NAME)";
				SWIFT_EMIT_LOC_STRINGS = YES;
				SWIFT_VERSION = 5.0;
				TARGETED_DEVICE_FAMILY = 1;
			};
			name = Debug;
		};
		3714DA4E2820537900170AE9 /* Release */ = {
			isa = XCBuildConfiguration;
			baseConfigurationReference = 4B4D8C181903906890A6064D /* Pods-AnimalTracker.release.xcconfig */;
			buildSettings = {
				ASSETCATALOG_COMPILER_APPICON_NAME = AppIcon;
				ASSETCATALOG_COMPILER_GLOBAL_ACCENT_COLOR_NAME = AccentColor;
				CODE_SIGN_STYLE = Automatic;
				CURRENT_PROJECT_VERSION = 1;
				DEVELOPMENT_TEAM = 8HA6256KD2;
				"EXCLUDED_ARCHS[sdk=*]" = arm64;
				GENERATE_INFOPLIST_FILE = YES;
				INFOPLIST_FILE = AnimalTracker/Info.plist;
				INFOPLIST_KEY_UIApplicationSupportsIndirectInputEvents = YES;
				INFOPLIST_KEY_UILaunchStoryboardName = LaunchScreen;
				INFOPLIST_KEY_UISupportedInterfaceOrientations_iPad = "UIInterfaceOrientationPortrait UIInterfaceOrientationPortraitUpsideDown UIInterfaceOrientationLandscapeLeft UIInterfaceOrientationLandscapeRight";
				INFOPLIST_KEY_UISupportedInterfaceOrientations_iPhone = "UIInterfaceOrientationPortrait UIInterfaceOrientationLandscapeLeft UIInterfaceOrientationLandscapeRight";
				IPHONEOS_DEPLOYMENT_TARGET = 15.4;
				LD_RUNPATH_SEARCH_PATHS = (
					"$(inherited)",
					"@executable_path/Frameworks",
				);
				MARKETING_VERSION = 1.0;
				ONLY_ACTIVE_ARCH = YES;
				PRODUCT_BUNDLE_IDENTIFIER = com.assquire.AnimalTracker;
				PRODUCT_NAME = "$(TARGET_NAME)";
				SWIFT_EMIT_LOC_STRINGS = YES;
				SWIFT_VERSION = 5.0;
				TARGETED_DEVICE_FAMILY = 1;
			};
			name = Release;
		};
/* End XCBuildConfiguration section */

/* Begin XCConfigurationList section */
		3714DA332820537800170AE9 /* Build configuration list for PBXProject "AnimalTracker" */ = {
			isa = XCConfigurationList;
			buildConfigurations = (
				3714DA4A2820537900170AE9 /* Debug */,
				3714DA4B2820537900170AE9 /* Release */,
			);
			defaultConfigurationIsVisible = 0;
			defaultConfigurationName = Release;
		};
		3714DA4C2820537900170AE9 /* Build configuration list for PBXNativeTarget "AnimalTracker" */ = {
			isa = XCConfigurationList;
			buildConfigurations = (
				3714DA4D2820537900170AE9 /* Debug */,
				3714DA4E2820537900170AE9 /* Release */,
			);
			defaultConfigurationIsVisible = 0;
			defaultConfigurationName = Release;
		};
/* End XCConfigurationList section */
	};
	rootObject = 3714DA302820537800170AE9 /* Project object */;
}
